
Microsoft Visual Studio Solution File, Format Version 12.00
# Visual Studio Version 17
VisualStudioVersion = 17.12.35527.113
MinimumVisualStudioVersion = 10.0.40219.1
Project("{FAE04EC0-301F-11D3-BF4B-00C04F79EFBC}") = "First_step_For_little_mind", "First_step_For_little_mind\First_step_For_little_mind\First_step_For_little_mind.csproj", "{7E35C756-A3EF-4BCC-BACF-BF49437014AE}"
EndProject
Project("{FAE04EC0-301F-11D3-BF4B-00C04F79EFBC}") = "First_step_For_little_mind.Shared", "First_step_For_little_mind\First_step_For_little_mind.Shared\First_step_For_little_mind.Shared.csproj", "{BB6FD23F-246B-43AB-AEB2-F2737D21E573}"
EndProject
Project("{FAE04EC0-301F-11D3-BF4B-00C04F79EFBC}") = "First_step_For_little_mind.Web", "First_step_For_little_mind\First_step_For_little_mind.Web\First_step_For_little_mind.Web.csproj", "{85BC266F-547B-4A13-B8C9-3403B95CCD40}"
EndProject
Global
	GlobalSection(SolutionConfigurationPlatforms) = preSolution
		Debug|Any CPU = Debug|Any CPU
		Release|Any CPU = Release|Any CPU
	EndGlobalSection
	GlobalSection(ProjectConfigurationPlatforms) = postSolution
		{7E35C756-A3EF-4BCC-BACF-BF49437014AE}.Debug|Any CPU.ActiveCfg = Debug|Any CPU
		{7E35C756-A3EF-4BCC-BACF-BF49437014AE}.Debug|Any CPU.Build.0 = Debug|Any CPU
		{7E35C756-A3EF-4BCC-BACF-BF49437014AE}.Debug|Any CPU.Deploy.0 = Debug|Any CPU
		{7E35C756-A3EF-4BCC-BACF-BF49437014AE}.Release|Any CPU.ActiveCfg = Release|Any CPU
		{7E35C756-A3EF-4BCC-BACF-BF49437014AE}.Release|Any CPU.Build.0 = Release|Any CPU
		{BB6FD23F-246B-43AB-AEB2-F2737D21E573}.Debug|Any CPU.ActiveCfg = Debug|Any CPU
		{BB6FD23F-246B-43AB-AEB2-F2737D21E573}.Debug|Any CPU.Build.0 = Debug|Any CPU
		{BB6FD23F-246B-43AB-AEB2-F2737D21E573}.Release|Any CPU.ActiveCfg = Release|Any CPU
		{BB6FD23F-246B-43AB-AEB2-F2737D21E573}.Release|Any CPU.Build.0 = Release|Any CPU
		{85BC266F-547B-4A13-B8C9-3403B95CCD40}.Debug|Any CPU.ActiveCfg = Debug|Any CPU
		{85BC266F-547B-4A13-B8C9-3403B95CCD40}.Debug|Any CPU.Build.0 = Debug|Any CPU
		{85BC266F-547B-4A13-B8C9-3403B95CCD40}.Release|Any CPU.ActiveCfg = Release|Any CPU
		{85BC266F-547B-4A13-B8C9-3403B95CCD40}.Release|Any CPU.Build.0 = Release|Any CPU
	EndGlobalSection
	GlobalSection(SolutionProperties) = preSolution
		HideSolutionNode = FALSE
	EndGlobalSection
EndGlobal
